
Microsoft Visual Studio Solution File, Format Version 12.00
# Visual Studio 15
VisualStudioVersion = 15.0.26124.0
MinimumVisualStudioVersion = 15.0.26124.0
Project("{FAE04EC0-301F-11D3-BF4B-00C04F79EFBC}") = "Todo.Domain", "Todo.Domain\Todo.Domain.csproj", "{0BB55036-E0F1-4A29-A861-E72E7D26C115}"
EndProject
Project("{FAE04EC0-301F-11D3-BF4B-00C04F79EFBC}") = "Todo.Domain.Api", "Todo.Domain.Api\Todo.Domain.Api.csproj", "{9762CE31-3FE3-42D1-BBAF-0493C3C45D7B}"
EndProject
Project("{FAE04EC0-301F-11D3-BF4B-00C04F79EFBC}") = "Todo.Domain.Tests", "Todo.Domain.Tests\Todo.Domain.Tests.csproj", "{58960D32-CDD8-4786-9955-2F3FA0F0EFFC}"
EndProject
Project("{FAE04EC0-301F-11D3-BF4B-00C04F79EFBC}") = "Todo.Domain.Infra", "Todo.Domain.Infra\Todo.Domain.Infra.csproj", "{DE627373-DE58-4A49-9A5A-C493209D90FD}"
EndProject
Global
	GlobalSection(SolutionConfigurationPlatforms) = preSolution
		Debug|Any CPU = Debug|Any CPU
		Debug|x64 = Debug|x64
		Debug|x86 = Debug|x86
		Release|Any CPU = Release|Any CPU
		Release|x64 = Release|x64
		Release|x86 = Release|x86
	EndGlobalSection
	GlobalSection(SolutionProperties) = preSolution
		HideSolutionNode = FALSE
	EndGlobalSection
	GlobalSection(ProjectConfigurationPlatforms) = postSolution
		{0BB55036-E0F1-4A29-A861-E72E7D26C115}.Debug|Any CPU.ActiveCfg = Debug|Any CPU
		{0BB55036-E0F1-4A29-A861-E72E7D26C115}.Debug|Any CPU.Build.0 = Debug|Any CPU
		{0BB55036-E0F1-4A29-A861-E72E7D26C115}.Debug|x64.ActiveCfg = Debug|Any CPU
		{0BB55036-E0F1-4A29-A861-E72E7D26C115}.Debug|x64.Build.0 = Debug|Any CPU
		{0BB55036-E0F1-4A29-A861-E72E7D26C115}.Debug|x86.ActiveCfg = Debug|Any CPU
		{0BB55036-E0F1-4A29-A861-E72E7D26C115}.Debug|x86.Build.0 = Debug|Any CPU
		{0BB55036-E0F1-4A29-A861-E72E7D26C115}.Release|Any CPU.ActiveCfg = Release|Any CPU
		{0BB55036-E0F1-4A29-A861-E72E7D26C115}.Release|Any CPU.Build.0 = Release|Any CPU
		{0BB55036-E0F1-4A29-A861-E72E7D26C115}.Release|x64.ActiveCfg = Release|Any CPU
		{0BB55036-E0F1-4A29-A861-E72E7D26C115}.Release|x64.Build.0 = Release|Any CPU
		{0BB55036-E0F1-4A29-A861-E72E7D26C115}.Release|x86.ActiveCfg = Release|Any CPU
		{0BB55036-E0F1-4A29-A861-E72E7D26C115}.Release|x86.Build.0 = Release|Any CPU
		{9762CE31-3FE3-42D1-BBAF-0493C3C45D7B}.Debug|Any CPU.ActiveCfg = Debug|Any CPU
		{9762CE31-3FE3-42D1-BBAF-0493C3C45D7B}.Debug|Any CPU.Build.0 = Debug|Any CPU
		{9762CE31-3FE3-42D1-BBAF-0493C3C45D7B}.Debug|x64.ActiveCfg = Debug|Any CPU
		{9762CE31-3FE3-42D1-BBAF-0493C3C45D7B}.Debug|x64.Build.0 = Debug|Any CPU
		{9762CE31-3FE3-42D1-BBAF-0493C3C45D7B}.Debug|x86.ActiveCfg = Debug|Any CPU
		{9762CE31-3FE3-42D1-BBAF-0493C3C45D7B}.Debug|x86.Build.0 = Debug|Any CPU
		{9762CE31-3FE3-42D1-BBAF-0493C3C45D7B}.Release|Any CPU.ActiveCfg = Release|Any CPU
		{9762CE31-3FE3-42D1-BBAF-0493C3C45D7B}.Release|Any CPU.Build.0 = Release|Any CPU
		{9762CE31-3FE3-42D1-BBAF-0493C3C45D7B}.Release|x64.ActiveCfg = Release|Any CPU
		{9762CE31-3FE3-42D1-BBAF-0493C3C45D7B}.Release|x64.Build.0 = Release|Any CPU
		{9762CE31-3FE3-42D1-BBAF-0493C3C45D7B}.Release|x86.ActiveCfg = Release|Any CPU
		{9762CE31-3FE3-42D1-BBAF-0493C3C45D7B}.Release|x86.Build.0 = Release|Any CPU
		{58960D32-CDD8-4786-9955-2F3FA0F0EFFC}.Debug|Any CPU.ActiveCfg = Debug|Any CPU
		{58960D32-CDD8-4786-9955-2F3FA0F0EFFC}.Debug|Any CPU.Build.0 = Debug|Any CPU
		{58960D32-CDD8-4786-9955-2F3FA0F0EFFC}.Debug|x64.ActiveCfg = Debug|Any CPU
		{58960D32-CDD8-4786-9955-2F3FA0F0EFFC}.Debug|x64.Build.0 = Debug|Any CPU
		{58960D32-CDD8-4786-9955-2F3FA0F0EFFC}.Debug|x86.ActiveCfg = Debug|Any CPU
		{58960D32-CDD8-4786-9955-2F3FA0F0EFFC}.Debug|x86.Build.0 = Debug|Any CPU
		{58960D32-CDD8-4786-9955-2F3FA0F0EFFC}.Release|Any CPU.ActiveCfg = Release|Any CPU
		{58960D32-CDD8-4786-9955-2F3FA0F0EFFC}.Release|Any CPU.Build.0 = Release|Any CPU
		{58960D32-CDD8-4786-9955-2F3FA0F0EFFC}.Release|x64.ActiveCfg = Release|Any CPU
		{58960D32-CDD8-4786-9955-2F3FA0F0EFFC}.Release|x64.Build.0 = Release|Any CPU
		{58960D32-CDD8-4786-9955-2F3FA0F0EFFC}.Release|x86.ActiveCfg = Release|Any CPU
		{58960D32-CDD8-4786-9955-2F3FA0F0EFFC}.Release|x86.Build.0 = Release|Any CPU
		{DE627373-DE58-4A49-9A5A-C493209D90FD}.Debug|Any CPU.ActiveCfg = Debug|Any CPU
		{DE627373-DE58-4A49-9A5A-C493209D90FD}.Debug|Any CPU.Build.0 = Debug|Any CPU
		{DE627373-DE58-4A49-9A5A-C493209D90FD}.Debug|x64.ActiveCfg = Debug|Any CPU
		{DE627373-DE58-4A49-9A5A-C493209D90FD}.Debug|x64.Build.0 = Debug|Any CPU
		{DE627373-DE58-4A49-9A5A-C493209D90FD}.Debug|x86.ActiveCfg = Debug|Any CPU
		{DE627373-DE58-4A49-9A5A-C493209D90FD}.Debug|x86.Build.0 = Debug|Any CPU
		{DE627373-DE58-4A49-9A5A-C493209D90FD}.Release|Any CPU.ActiveCfg = Release|Any CPU
		{DE627373-DE58-4A49-9A5A-C493209D90FD}.Release|Any CPU.Build.0 = Release|Any CPU
		{DE627373-DE58-4A49-9A5A-C493209D90FD}.Release|x64.ActiveCfg = Release|Any CPU
		{DE627373-DE58-4A49-9A5A-C493209D90FD}.Release|x64.Build.0 = Release|Any CPU
		{DE627373-DE58-4A49-9A5A-C493209D90FD}.Release|x86.ActiveCfg = Release|Any CPU
		{DE627373-DE58-4A49-9A5A-C493209D90FD}.Release|x86.Build.0 = Release|Any CPU
	EndGlobalSection
EndGlobal
